
Microsoft Visual Studio Solution File, Format Version 12.00
# Visual Studio Version 17
VisualStudioVersion = 17.13.35913.81 d17.13
MinimumVisualStudioVersion = 10.0.40219.1
Project("{FAE04EC0-301F-11D3-BF4B-00C04F79EFBC}") = "PetyaVoiceRecordApp", "PetyaVoiceRecordApp\PetyaVoiceRecordApp.csproj", "{FDFBB892-295F-46B8-A8B2-42DDCB8FD966}"
EndProject
Global
	GlobalSection(SolutionConfigurationPlatforms) = preSolution
		Debug|Any CPU = Debug|Any CPU
		Release|Any CPU = Release|Any CPU
	EndGlobalSection
	GlobalSection(ProjectConfigurationPlatforms) = postSolution
		{FDFBB892-295F-46B8-A8B2-42DDCB8FD966}.Debug|Any CPU.ActiveCfg = Debug|Any CPU
		{FDFBB892-295F-46B8-A8B2-42DDCB8FD966}.Debug|Any CPU.Build.0 = Debug|Any CPU
		{FDFBB892-295F-46B8-A8B2-42DDCB8FD966}.Release|Any CPU.ActiveCfg = Release|Any CPU
		{FDFBB892-295F-46B8-A8B2-42DDCB8FD966}.Release|Any CPU.Build.0 = Release|Any CPU
	EndGlobalSection
	GlobalSection(SolutionProperties) = preSolution
		HideSolutionNode = FALSE
	EndGlobalSection
	GlobalSection(ExtensibilityGlobals) = postSolution
		SolutionGuid = {5FD40E8E-7436-4CF8-A598-698773A73BDD}
	EndGlobalSection
EndGlobal
